
Microsoft Visual Studio Solution File, Format Version 12.00
# Visual Studio Version 17
VisualStudioVersion = 17.14.36811.4 d17.14
MinimumVisualStudioVersion = 10.0.40219.1
Project("{FAE04EC0-301F-11D3-BF4B-00C04F79EFBC}") = "ConsoleApp62", "ConsoleApp62\ConsoleApp62.csproj", "{77D1B4D7-4582-4378-B289-B2F187D29D5B}"
EndProject
Global
	GlobalSection(SolutionConfigurationPlatforms) = preSolution
		Debug|Any CPU = Debug|Any CPU
		Release|Any CPU = Release|Any CPU
	EndGlobalSection
	GlobalSection(ProjectConfigurationPlatforms) = postSolution
		{77D1B4D7-4582-4378-B289-B2F187D29D5B}.Debug|Any CPU.ActiveCfg = Debug|Any CPU
		{77D1B4D7-4582-4378-B289-B2F187D29D5B}.Debug|Any CPU.Build.0 = Debug|Any CPU
		{77D1B4D7-4582-4378-B289-B2F187D29D5B}.Release|Any CPU.ActiveCfg = Release|Any CPU
		{77D1B4D7-4582-4378-B289-B2F187D29D5B}.Release|Any CPU.Build.0 = Release|Any CPU
	EndGlobalSection
	GlobalSection(SolutionProperties) = preSolution
		HideSolutionNode = FALSE
	EndGlobalSection
	GlobalSection(ExtensibilityGlobals) = postSolution
		SolutionGuid = {88821924-BD47-4F19-B774-23002C53776D}
	EndGlobalSection
EndGlobal
