
Microsoft Visual Studio Solution File, Format Version 12.00
# Visual Studio Version 17
VisualStudioVersion = 17.14.36811.4 d17.14
MinimumVisualStudioVersion = 10.0.40219.1
Project("{FAE04EC0-301F-11D3-BF4B-00C04F79EFBC}") = "ConsoleApp41", "ConsoleApp41\ConsoleApp41.csproj", "{B9F3427F-91CB-48A4-BC54-831351CF2A4C}"
EndProject
Global
	GlobalSection(SolutionConfigurationPlatforms) = preSolution
		Debug|Any CPU = Debug|Any CPU
		Release|Any CPU = Release|Any CPU
	EndGlobalSection
	GlobalSection(ProjectConfigurationPlatforms) = postSolution
		{B9F3427F-91CB-48A4-BC54-831351CF2A4C}.Debug|Any CPU.ActiveCfg = Debug|Any CPU
		{B9F3427F-91CB-48A4-BC54-831351CF2A4C}.Debug|Any CPU.Build.0 = Debug|Any CPU
		{B9F3427F-91CB-48A4-BC54-831351CF2A4C}.Release|Any CPU.ActiveCfg = Release|Any CPU
		{B9F3427F-91CB-48A4-BC54-831351CF2A4C}.Release|Any CPU.Build.0 = Release|Any CPU
	EndGlobalSection
	GlobalSection(SolutionProperties) = preSolution
		HideSolutionNode = FALSE
	EndGlobalSection
	GlobalSection(ExtensibilityGlobals) = postSolution
		SolutionGuid = {4EB428A7-FE88-4308-9E8D-DA3B061B304A}
	EndGlobalSection
EndGlobal
