
Microsoft Visual Studio Solution File, Format Version 12.00
# Visual Studio Version 17
VisualStudioVersion = 17.14.36811.4 d17.14
MinimumVisualStudioVersion = 10.0.40219.1
Project("{FAE04EC0-301F-11D3-BF4B-00C04F79EFBC}") = "ConsoleApp7", "ConsoleApp7\ConsoleApp7.csproj", "{EA2882E3-2E8F-444D-AD30-5845D7F3C4BD}"
EndProject
Global
	GlobalSection(SolutionConfigurationPlatforms) = preSolution
		Debug|Any CPU = Debug|Any CPU
		Release|Any CPU = Release|Any CPU
	EndGlobalSection
	GlobalSection(ProjectConfigurationPlatforms) = postSolution
		{EA2882E3-2E8F-444D-AD30-5845D7F3C4BD}.Debug|Any CPU.ActiveCfg = Debug|Any CPU
		{EA2882E3-2E8F-444D-AD30-5845D7F3C4BD}.Debug|Any CPU.Build.0 = Debug|Any CPU
		{EA2882E3-2E8F-444D-AD30-5845D7F3C4BD}.Release|Any CPU.ActiveCfg = Release|Any CPU
		{EA2882E3-2E8F-444D-AD30-5845D7F3C4BD}.Release|Any CPU.Build.0 = Release|Any CPU
	EndGlobalSection
	GlobalSection(SolutionProperties) = preSolution
		HideSolutionNode = FALSE
	EndGlobalSection
	GlobalSection(ExtensibilityGlobals) = postSolution
		SolutionGuid = {02CD7AE3-3B50-43B8-8EBB-803A3B911F74}
	EndGlobalSection
EndGlobal
