
Microsoft Visual Studio Solution File, Format Version 12.00
# Visual Studio Version 17
VisualStudioVersion = 17.14.36811.4 d17.14
MinimumVisualStudioVersion = 10.0.40219.1
Project("{FAE04EC0-301F-11D3-BF4B-00C04F79EFBC}") = "ConsoleApp39", "ConsoleApp39\ConsoleApp39.csproj", "{56084D2D-A35D-41F8-92C7-52184C2C6D85}"
EndProject
Global
	GlobalSection(SolutionConfigurationPlatforms) = preSolution
		Debug|Any CPU = Debug|Any CPU
		Release|Any CPU = Release|Any CPU
	EndGlobalSection
	GlobalSection(ProjectConfigurationPlatforms) = postSolution
		{56084D2D-A35D-41F8-92C7-52184C2C6D85}.Debug|Any CPU.ActiveCfg = Debug|Any CPU
		{56084D2D-A35D-41F8-92C7-52184C2C6D85}.Debug|Any CPU.Build.0 = Debug|Any CPU
		{56084D2D-A35D-41F8-92C7-52184C2C6D85}.Release|Any CPU.ActiveCfg = Release|Any CPU
		{56084D2D-A35D-41F8-92C7-52184C2C6D85}.Release|Any CPU.Build.0 = Release|Any CPU
	EndGlobalSection
	GlobalSection(SolutionProperties) = preSolution
		HideSolutionNode = FALSE
	EndGlobalSection
	GlobalSection(ExtensibilityGlobals) = postSolution
		SolutionGuid = {29EBD75C-4373-44C3-95F4-AC531E1B9EA4}
	EndGlobalSection
EndGlobal
