
Microsoft Visual Studio Solution File, Format Version 12.00
# Visual Studio Version 17
VisualStudioVersion = 17.14.36811.4 d17.14
MinimumVisualStudioVersion = 10.0.40219.1
Project("{FAE04EC0-301F-11D3-BF4B-00C04F79EFBC}") = "ConsoleApp53", "ConsoleApp53\ConsoleApp53.csproj", "{97A543EF-485D-491A-B835-8395C5623F49}"
EndProject
Global
	GlobalSection(SolutionConfigurationPlatforms) = preSolution
		Debug|Any CPU = Debug|Any CPU
		Release|Any CPU = Release|Any CPU
	EndGlobalSection
	GlobalSection(ProjectConfigurationPlatforms) = postSolution
		{97A543EF-485D-491A-B835-8395C5623F49}.Debug|Any CPU.ActiveCfg = Debug|Any CPU
		{97A543EF-485D-491A-B835-8395C5623F49}.Debug|Any CPU.Build.0 = Debug|Any CPU
		{97A543EF-485D-491A-B835-8395C5623F49}.Release|Any CPU.ActiveCfg = Release|Any CPU
		{97A543EF-485D-491A-B835-8395C5623F49}.Release|Any CPU.Build.0 = Release|Any CPU
	EndGlobalSection
	GlobalSection(SolutionProperties) = preSolution
		HideSolutionNode = FALSE
	EndGlobalSection
	GlobalSection(ExtensibilityGlobals) = postSolution
		SolutionGuid = {DA4653FF-0EDA-4F55-B55E-EA27C7BD7BE4}
	EndGlobalSection
EndGlobal
