
Microsoft Visual Studio Solution File, Format Version 12.00
# Visual Studio Version 17
VisualStudioVersion = 17.14.36811.4 d17.14
MinimumVisualStudioVersion = 10.0.40219.1
Project("{FAE04EC0-301F-11D3-BF4B-00C04F79EFBC}") = "ConsoleApp31", "ConsoleApp31\ConsoleApp31.csproj", "{599A1B10-252B-45B9-810C-08E4CE8395D1}"
EndProject
Global
	GlobalSection(SolutionConfigurationPlatforms) = preSolution
		Debug|Any CPU = Debug|Any CPU
		Release|Any CPU = Release|Any CPU
	EndGlobalSection
	GlobalSection(ProjectConfigurationPlatforms) = postSolution
		{599A1B10-252B-45B9-810C-08E4CE8395D1}.Debug|Any CPU.ActiveCfg = Debug|Any CPU
		{599A1B10-252B-45B9-810C-08E4CE8395D1}.Debug|Any CPU.Build.0 = Debug|Any CPU
		{599A1B10-252B-45B9-810C-08E4CE8395D1}.Release|Any CPU.ActiveCfg = Release|Any CPU
		{599A1B10-252B-45B9-810C-08E4CE8395D1}.Release|Any CPU.Build.0 = Release|Any CPU
	EndGlobalSection
	GlobalSection(SolutionProperties) = preSolution
		HideSolutionNode = FALSE
	EndGlobalSection
	GlobalSection(ExtensibilityGlobals) = postSolution
		SolutionGuid = {E3E04254-85AD-429C-A34C-E087FF661C24}
	EndGlobalSection
EndGlobal
