
Microsoft Visual Studio Solution File, Format Version 12.00
# Visual Studio Version 17
VisualStudioVersion = 17.14.36811.4 d17.14
MinimumVisualStudioVersion = 10.0.40219.1
Project("{FAE04EC0-301F-11D3-BF4B-00C04F79EFBC}") = "ConsoleApp37", "ConsoleApp37\ConsoleApp37.csproj", "{0CB76120-7F3F-4677-8819-011B4D0E38E0}"
EndProject
Global
	GlobalSection(SolutionConfigurationPlatforms) = preSolution
		Debug|Any CPU = Debug|Any CPU
		Release|Any CPU = Release|Any CPU
	EndGlobalSection
	GlobalSection(ProjectConfigurationPlatforms) = postSolution
		{0CB76120-7F3F-4677-8819-011B4D0E38E0}.Debug|Any CPU.ActiveCfg = Debug|Any CPU
		{0CB76120-7F3F-4677-8819-011B4D0E38E0}.Debug|Any CPU.Build.0 = Debug|Any CPU
		{0CB76120-7F3F-4677-8819-011B4D0E38E0}.Release|Any CPU.ActiveCfg = Release|Any CPU
		{0CB76120-7F3F-4677-8819-011B4D0E38E0}.Release|Any CPU.Build.0 = Release|Any CPU
	EndGlobalSection
	GlobalSection(SolutionProperties) = preSolution
		HideSolutionNode = FALSE
	EndGlobalSection
	GlobalSection(ExtensibilityGlobals) = postSolution
		SolutionGuid = {C9581140-C990-457B-8280-50F9C22AF1A8}
	EndGlobalSection
EndGlobal
